<?xml version="1.0" encoding="utf-8"?>
<Project ToolsVersion="4.0" xmlns="http://schemas.microsoft.com/developer/msbuild/2003">
  <ItemGroup>
    <Filter Include="ソース ファイル">
      <UniqueIdentifier>{4FC737F1-C7A5-4376-A066-2A32D752A2FF}</UniqueIdentifier>
      <Extensions>cpp;c;cc;cxx;def;odl;idl;hpj;bat;asm;asmx</Extensions>
    </Filter>
    <Filter Include="ヘッダー ファイル">
      <UniqueIdentifier>{93995380-89BD-4b04-88EB-625FBE52EBFB}</UniqueIdentifier>
      <Extensions>h;hh;hpp;hxx;hm;inl;inc;xsd</Extensions>
    </Filter>
    <Filter Include="リソース ファイル">
      <UniqueIdentifier>{67DA6AB6-F800-4c08-8B7A-83BB121AAD01}</UniqueIdentifier>
      <Extensions>rc;ico;cur;bmp;dlg;rc2;rct;bin;rgs;gif;jpg;jpeg;jpe;resx;tiff;tif;png;wav;mfcribbon-ms</Extensions>
    </Filter>
    <Filter Include="Modules">
      <UniqueIdentifier>{febfe44d-5152-4b42-b144-cd7d6c655d93}</UniqueIdentifier>
    </Filter>
    <Filter Include="Shader">
      <UniqueIdentifier>{92831553-cb3b-4d0e-b75e-628c015e2b7f}</UniqueIdentifier>
    </Filter>
  </ItemGroup>
  <ItemGroup>
    <ClInclude Include="Modules\Billboard.h">
      <Filter>Modules</Filter>
    </ClInclude>
    <ClInclude Include="Modules\BoundingBox.h">
      <Filter>Modules</Filter>
    </ClInclude>
    <ClInclude Include="Modules\Camera.h">
      <Filter>Modules</Filter>
    </ClInclude>
    <ClInclude Include="Modules\Character.h">
      <Filter>Modules</Filter>
    </ClInclude>
    <ClInclude Include="Modules\FbxSDK.h">
      <Filter>Modules</Filter>
    </ClInclude>
    <ClInclude Include="Modules\input.h">
      <Filter>Modules</Filter>
    </ClInclude>
    <ClInclude Include="Modules\Light.h">
      <Filter>Modules</Filter>
    </ClInclude>
    <ClInclude Include="Modules\Material.h">
      <Filter>Modules</Filter>
    </ClInclude>
    <ClInclude Include="Modules\Mesh.h">
      <Filter>Modules</Filter>
    </ClInclude>
    <ClInclude Include="Modules\Model.h">
      <Filter>Modules</Filter>
    </ClInclude>
    <ClInclude Include="Modules\Plane.h">
      <Filter>Modules</Filter>
    </ClInclude>
    <ClInclude Include="Modules\Scene.h">
      <Filter>Modules</Filter>
    </ClInclude>
    <ClInclude Include="Modules\ScreenPolygon.h">
      <Filter>Modules</Filter>
    </ClInclude>
    <ClInclude Include="Modules\Shader.h">
      <Filter>Modules</Filter>
    </ClInclude>
    <ClInclude Include="Modules\SkyBox.h">
      <Filter>Modules</Filter>
    </ClInclude>
    <ClInclude Include="Modules\Sound.h">
      <Filter>Modules</Filter>
    </ClInclude>
    <ClInclude Include="Shader\CelShader.h">
      <Filter>Shader</Filter>
    </ClInclude>
    <ClInclude Include="Shader\RHWShader.h">
      <Filter>Shader</Filter>
    </ClInclude>
    <ClInclude Include="Shader\ShadowMapShader.h">
      <Filter>Shader</Filter>
    </ClInclude>
    <ClInclude Include="Console.h">
      <Filter>ヘッダー ファイル</Filter>
    </ClInclude>
    <ClInclude Include="DebugMessage.h">
      <Filter>ヘッダー ファイル</Filter>
    </ClInclude>
    <ClInclude Include="Engine.h">
      <Filter>ヘッダー ファイル</Filter>
    </ClInclude>
    <ClInclude Include="ResourcesManager.h">
      <Filter>ヘッダー ファイル</Filter>
    </ClInclude>
    <ClInclude Include="Scene00.h">
      <Filter>ヘッダー ファイル</Filter>
    </ClInclude>
    <ClInclude Include="SceneManager.h">
      <Filter>ヘッダー ファイル</Filter>
    </ClInclude>
  </ItemGroup>
  <ItemGroup>
    <ClCompile Include="Modules\BoundingBox.cpp">
      <Filter>Modules</Filter>
    </ClCompile>
    <ClCompile Include="Modules\Camera.cpp">
      <Filter>Modules</Filter>
    </ClCompile>
    <ClCompile Include="Modules\Character.cpp">
      <Filter>Modules</Filter>
    </ClCompile>
    <ClCompile Include="Modules\FbxSDK.cpp">
      <Filter>Modules</Filter>
    </ClCompile>
    <ClCompile Include="Modules\input.cpp">
      <Filter>Modules</Filter>
    </ClCompile>
    <ClCompile Include="Modules\Light.cpp">
      <Filter>Modules</Filter>
    </ClCompile>
    <ClCompile Include="Modules\Material.cpp">
      <Filter>Modules</Filter>
    </ClCompile>
    <ClCompile Include="Modules\Mesh.cpp">
      <Filter>Modules</Filter>
    </ClCompile>
    <ClCompile Include="Modules\Model.cpp">
      <Filter>Modules</Filter>
    </ClCompile>
    <ClCompile Include="Modules\Plane.cpp">
      <Filter>Modules</Filter>
    </ClCompile>
    <ClCompile Include="Modules\Scene.cpp">
      <Filter>Modules</Filter>
    </ClCompile>
    <ClCompile Include="Modules\ScreenPolygon.cpp">
      <Filter>Modules</Filter>
    </ClCompile>
    <ClCompile Include="Modules\Shader.cpp">
      <Filter>Modules</Filter>
    </ClCompile>
    <ClCompile Include="Modules\SkyBox.cpp">
      <Filter>Modules</Filter>
    </ClCompile>
    <ClCompile Include="Modules\Sound.cpp">
      <Filter>Modules</Filter>
    </ClCompile>
    <ClCompile Include="Modules\Billboard.cpp">
      <Filter>Modules</Filter>
    </ClCompile>
    <ClCompile Include="Shader\CelShader.cpp">
      <Filter>Shader</Filter>
    </ClCompile>
    <ClCompile Include="Shader\RHWShader.cpp">
      <Filter>Shader</Filter>
    </ClCompile>
    <ClCompile Include="Shader\ShadowMapShader.cpp">
      <Filter>Shader</Filter>
    </ClCompile>
    <ClCompile Include="Console.cpp">
      <Filter>ソース ファイル</Filter>
    </ClCompile>
    <ClCompile Include="DebugMessage.cpp">
      <Filter>ソース ファイル</Filter>
    </ClCompile>
    <ClCompile Include="Main.cpp">
      <Filter>ソース ファイル</Filter>
    </ClCompile>
    <ClCompile Include="ResourcesManager.cpp">
      <Filter>ソース ファイル</Filter>
    </ClCompile>
    <ClCompile Include="Scene00.cpp">
      <Filter>ソース ファイル</Filter>
    </ClCompile>
    <ClCompile Include="SceneManager.cpp">
      <Filter>ソース ファイル</Filter>
    </ClCompile>
  </ItemGroup>
  <ItemGroup>
    <FxCompile Include="Shader\BasicShader.fx">
      <Filter>Shader</Filter>
    </FxCompile>
    <FxCompile Include="Shader\BasicShader.hlsl">
      <Filter>Shader</Filter>
    </FxCompile>
    <FxCompile Include="Shader\CelShader.fx">
      <Filter>Shader</Filter>
    </FxCompile>
    <FxCompile Include="Shader\PixelShader.hlsl">
      <Filter>Shader</Filter>
    </FxCompile>
    <FxCompile Include="Shader\RHWShader.fx">
      <Filter>Shader</Filter>
    </FxCompile>
    <FxCompile Include="Shader\ShadowMapShader - コピー.fx">
      <Filter>Shader</Filter>
    </FxCompile>
    <FxCompile Include="Shader\ShadowMapShader.fx">
      <Filter>Shader</Filter>
    </FxCompile>
    <FxCompile Include="Shader\VertexShader.hlsl">
      <Filter>Shader</Filter>
    </FxCompile>
  </ItemGroup>
</Project>