<?xml version="1.0" encoding="utf-8"?>
<Project ToolsVersion="4.0" xmlns="http://schemas.microsoft.com/developer/msbuild/2003">
  <ItemGroup>
    <ClCompile Include="Engine\Console.cpp" />
    <ClCompile Include="Engine\DebugMessage.cpp" />
    <ClCompile Include="Engine\Engine.cpp" />
    <ClCompile Include="Engine\input.cpp" />
    <ClCompile Include="Engine\Light.cpp" />
    <ClCompile Include="Engine\SceneManager.cpp" />
    <ClCompile Include="Engine\Shader.cpp" />
    <ClCompile Include="Engine\SkyBox.cpp" />
    <ClCompile Include="GameObject\GameObject.cpp" />
    <ClCompile Include="Main.cpp" />
    <ClCompile Include="Scene\Scene.cpp" />
    <ClCompile Include="Component\Component.cpp" />
    <ClCompile Include="Engine\Audio.cpp" />
    <ClCompile Include="Component\Transform.cpp" />
    <ClCompile Include="Scene\Scene02.cpp" />
    <ClCompile Include="Engine\Model\Model.cpp" />
    <ClCompile Include="Engine\Model\Texture.cpp" />
    <ClCompile Include="Engine\Resources.cpp" />
    <ClCompile Include="Engine\Model\Mesh.cpp" />
    <ClCompile Include="Component\Camera.cpp" />
    <ClCompile Include="Component\PlayerController.cpp" />
    <ClCompile Include="Component\MeshRender.cpp" />
    <ClCompile Include="Engine\Model\Material.cpp" />
    <ClCompile Include="Component\CameraController.cpp" />
    <ClCompile Include="Engine\GameTimes.cpp" />
    <ClCompile Include="Engine\Model\Bone.cpp" />
  </ItemGroup>
  <ItemGroup>
    <ClInclude Include="Engine\Console.h" />
    <ClInclude Include="Engine\DebugMessage.h" />
    <ClInclude Include="Engine\Engine.h" />
    <ClInclude Include="Engine\input.h" />
    <ClInclude Include="Engine\Light.h" />
    <ClInclude Include="Engine\SceneManager.h" />
    <ClInclude Include="Engine\Shader.h" />
    <ClInclude Include="Engine\SkyBox.h" />
    <ClInclude Include="GameObject\GameObject.h" />
    <ClInclude Include="Scene\Scene.h" />
    <ClInclude Include="Component\Component.h" />
    <ClInclude Include="Engine\Audio.h" />
    <ClInclude Include="Component\Transform.h" />
    <ClInclude Include="Scene\Scene02.h" />
    <ClInclude Include="Engine\Model\Texture.h" />
    <ClInclude Include="Engine\Model\Mesh.h" />
    <ClInclude Include="Engine\Model\Model.h" />
    <ClInclude Include="Engine\Resources.h" />
    <ClInclude Include="Component\Camera.h" />
    <ClInclude Include="Component\PlayerController.h" />
    <ClInclude Include="Component\MeshRender.h" />
    <ClInclude Include="Engine\Model\Material.h" />
    <ClInclude Include="Component\CameraController.h" />
    <ClInclude Include="Engine\GameTimes.h" />
    <ClInclude Include="Engine\Model\Bone.h" />
  </ItemGroup>
  <ItemGroup>
    <None Include="ClassDiagram.cd" />
  </ItemGroup>
</Project>