<?xml version="1.0" encoding="utf-8"?>
<Project ToolsVersion="4.0" xmlns="http://schemas.microsoft.com/developer/msbuild/2003">
  <ItemGroup>
    <ClCompile Include="Engine\Console.cpp" />
    <ClCompile Include="Engine\Engine.cpp" />
    <ClCompile Include="Engine\input.cpp" />
    <ClCompile Include="Engine\SceneManager.cpp" />
    <ClCompile Include="Engine\Shader.cpp" />
    <ClCompile Include="Engine\SkyBox.cpp" />
    <ClCompile Include="GameObject\GameObject.cpp" />
    <ClCompile Include="Main.cpp" />
    <ClCompile Include="Scene\Scene.cpp" />
    <ClCompile Include="Component\Component.cpp" />
    <ClCompile Include="Engine\Audio.cpp" />
    <ClCompile Include="Component\Transform.cpp" />
    <ClCompile Include="Scene\Scene02.cpp" />
    <ClCompile Include="Engine\Model\Model.cpp" />
    <ClCompile Include="Engine\Model\Texture.cpp" />
    <ClCompile Include="Engine\Resources.cpp" />
    <ClCompile Include="Engine\Model\Mesh.cpp" />
    <ClCompile Include="Component\Camera.cpp" />
    <ClCompile Include="Component\PlayerController.cpp" />
    <ClCompile Include="Component\MeshRender.cpp" />
    <ClCompile Include="Engine\Model\Material.cpp" />
    <ClCompile Include="Component\CameraController.cpp" />
    <ClCompile Include="Engine\GameTimes.cpp" />
    <ClCompile Include="Engine\Model\Bone.cpp" />
    <ClCompile Include="Engine\Model\Animation.cpp" />
    <ClCompile Include="Engine\Model\AnimationChannel.cpp" />
    <ClCompile Include="Component\Billboard.cpp" />
    <ClCompile Include="Component\UVAnimation.cpp" />
    <ClCompile Include="Engine\Model\Node.cpp" />
    <ClCompile Include="Engine\ShadowMap.cpp" />
    <ClCompile Include="Engine\GUI.cpp" />
    <ClCompile Include="Component\Light.cpp" />
    <ClCompile Include="Component\LightController.cpp" />
    <ClCompile Include="FrameWork\ImGui\imgui.cpp" />
    <ClCompile Include="FrameWork\ImGui\imgui_demo.cpp" />
    <ClCompile Include="FrameWork\ImGui\imgui_draw.cpp" />
    <ClCompile Include="FrameWork\ImGui\imgui_impl_dx9.cpp" />
  </ItemGroup>
  <ItemGroup>
    <ClInclude Include="Engine\Console.h" />
    <ClInclude Include="Engine\Engine.h" />
    <ClInclude Include="Engine\input.h" />
    <ClInclude Include="Engine\SceneManager.h" />
    <ClInclude Include="Engine\Shader.h" />
    <ClInclude Include="Engine\SkyBox.h" />
    <ClInclude Include="GameObject\GameObject.h" />
    <ClInclude Include="Scene\Scene.h" />
    <ClInclude Include="Component\Component.h" />
    <ClInclude Include="Engine\Audio.h" />
    <ClInclude Include="Component\Transform.h" />
    <ClInclude Include="Scene\Scene02.h" />
    <ClInclude Include="Engine\Model\Texture.h" />
    <ClInclude Include="Engine\Model\Mesh.h" />
    <ClInclude Include="Engine\Model\Model.h" />
    <ClInclude Include="Engine\Resources.h" />
    <ClInclude Include="Component\Camera.h" />
    <ClInclude Include="Component\PlayerController.h" />
    <ClInclude Include="Component\MeshRender.h" />
    <ClInclude Include="Engine\Model\Material.h" />
    <ClInclude Include="Component\CameraController.h" />
    <ClInclude Include="Engine\GameTimes.h" />
    <ClInclude Include="Engine\Model\Bone.h" />
    <ClInclude Include="Engine\Model\Animation.h" />
    <ClInclude Include="Engine\Model\AnimationChannel.h" />
    <ClInclude Include="Component\Billboard.h" />
    <ClInclude Include="Component\UVAnimation.h" />
    <ClInclude Include="Engine\Model\Node.h" />
    <ClInclude Include="Engine\ShadowMap.h" />
    <ClInclude Include="Engine\GUI.h" />
    <ClInclude Include="Component\Light.h" />
    <ClInclude Include="Component\LightController.h" />
    <ClInclude Include="FrameWork\assimp\include\assimp\Compiler\poppack1.h" />
    <ClInclude Include="FrameWork\assimp\include\assimp\Compiler\pstdint.h" />
    <ClInclude Include="FrameWork\assimp\include\assimp\Compiler\pushpack1.h" />
    <ClInclude Include="FrameWork\assimp\include\assimp\port\AndroidJNI\AndroidJNIIOSystem.h" />
    <ClInclude Include="FrameWork\assimp\include\assimp\ai_assert.h" />
    <ClInclude Include="FrameWork\assimp\include\assimp\anim.h" />
    <ClInclude Include="FrameWork\assimp\include\assimp\camera.h" />
    <ClInclude Include="FrameWork\assimp\include\assimp\cexport.h" />
    <ClInclude Include="FrameWork\assimp\include\assimp\cfileio.h" />
    <ClInclude Include="FrameWork\assimp\include\assimp\cimport.h" />
    <ClInclude Include="FrameWork\assimp\include\assimp\color4.h" />
    <ClInclude Include="FrameWork\assimp\include\assimp\config.h" />
    <ClInclude Include="FrameWork\assimp\include\assimp\DefaultLogger.hpp" />
    <ClInclude Include="FrameWork\assimp\include\assimp\defs.h" />
    <ClInclude Include="FrameWork\assimp\include\assimp\Exporter.hpp" />
    <ClInclude Include="FrameWork\assimp\include\assimp\Importer.hpp" />
    <ClInclude Include="FrameWork\assimp\include\assimp\importerdesc.h" />
    <ClInclude Include="FrameWork\assimp\include\assimp\IOStream.hpp" />
    <ClInclude Include="FrameWork\assimp\include\assimp\IOSystem.hpp" />
    <ClInclude Include="FrameWork\assimp\include\assimp\light.h" />
    <ClInclude Include="FrameWork\assimp\include\assimp\Logger.hpp" />
    <ClInclude Include="FrameWork\assimp\include\assimp\LogStream.hpp" />
    <ClInclude Include="FrameWork\assimp\include\assimp\material.h" />
    <ClInclude Include="FrameWork\assimp\include\assimp\matrix3x3.h" />
    <ClInclude Include="FrameWork\assimp\include\assimp\matrix4x4.h" />
    <ClInclude Include="FrameWork\assimp\include\assimp\mesh.h" />
    <ClInclude Include="FrameWork\assimp\include\assimp\metadata.h" />
    <ClInclude Include="FrameWork\assimp\include\assimp\NullLogger.hpp" />
    <ClInclude Include="FrameWork\assimp\include\assimp\postprocess.h" />
    <ClInclude Include="FrameWork\assimp\include\assimp\ProgressHandler.hpp" />
    <ClInclude Include="FrameWork\assimp\include\assimp\quaternion.h" />
    <ClInclude Include="FrameWork\assimp\include\assimp\scene.h" />
    <ClInclude Include="FrameWork\assimp\include\assimp\texture.h" />
    <ClInclude Include="FrameWork\assimp\include\assimp\types.h" />
    <ClInclude Include="FrameWork\assimp\include\assimp\vector2.h" />
    <ClInclude Include="FrameWork\assimp\include\assimp\vector3.h" />
    <ClInclude Include="FrameWork\assimp\include\assimp\version.h" />
    <ClInclude Include="FrameWork\FMOD\include\fmod.h" />
    <ClInclude Include="FrameWork\FMOD\include\fmod.hpp" />
    <ClInclude Include="FrameWork\FMOD\include\fmod_codec.h" />
    <ClInclude Include="FrameWork\FMOD\include\fmod_common.h" />
    <ClInclude Include="FrameWork\FMOD\include\fmod_dsp.h" />
    <ClInclude Include="FrameWork\FMOD\include\fmod_dsp_effects.h" />
    <ClInclude Include="FrameWork\FMOD\include\fmod_errors.h" />
    <ClInclude Include="FrameWork\FMOD\include\fmod_output.h" />
    <ClInclude Include="FrameWork\ImGui\imconfig.h" />
    <ClInclude Include="FrameWork\ImGui\imgui.h" />
    <ClInclude Include="FrameWork\ImGui\imgui_impl_dx9.h" />
    <ClInclude Include="FrameWork\ImGui\imgui_internal.h" />
    <ClInclude Include="FrameWork\ImGui\stb_rect_pack.h" />
    <ClInclude Include="FrameWork\ImGui\stb_textedit.h" />
    <ClInclude Include="FrameWork\ImGui\stb_truetype.h" />
  </ItemGroup>
  <ItemGroup>
    <None Include="ClassDiagram.cd" />
    <None Include="FrameWork\assimp\include\assimp\color4.inl" />
    <None Include="FrameWork\assimp\include\assimp\material.inl" />
    <None Include="FrameWork\assimp\include\assimp\matrix3x3.inl" />
    <None Include="FrameWork\assimp\include\assimp\matrix4x4.inl" />
    <None Include="FrameWork\assimp\include\assimp\quaternion.inl" />
    <None Include="FrameWork\assimp\include\assimp\vector2.inl" />
    <None Include="FrameWork\assimp\include\assimp\vector3.inl" />
  </ItemGroup>
</Project>